
Microsoft Visual Studio Solution File, Format Version 12.00
# Visual Studio 15
VisualStudioVersion = 15.0.28010.0
MinimumVisualStudioVersion = 10.0.40219.1
Project("{8BC9CEB8-8B4A-11D0-8D11-00A0C91BC942}") = "Fun", "Fun\Fun.vcxproj", "{E00AB78E-F90B-4284-ADF1-1A08C54326D7}"
EndProject
Global
	GlobalSection(SolutionConfigurationPlatforms) = preSolution
		Debug|x64 = Debug|x64
		Debug|x86 = Debug|x86
		Release|x64 = Release|x64
		Release|x86 = Release|x86
	EndGlobalSection
	GlobalSection(ProjectConfigurationPlatforms) = postSolution
		{E00AB78E-F90B-4284-ADF1-1A08C54326D7}.Debug|x64.ActiveCfg = Debug|x64
		{E00AB78E-F90B-4284-ADF1-1A08C54326D7}.Debug|x64.Build.0 = Debug|x64
		{E00AB78E-F90B-4284-ADF1-1A08C54326D7}.Debug|x86.ActiveCfg = Debug|Win32
		{E00AB78E-F90B-4284-ADF1-1A08C54326D7}.Debug|x86.Build.0 = Debug|Win32
		{E00AB78E-F90B-4284-ADF1-1A08C54326D7}.Release|x64.ActiveCfg = Release|x64
		{E00AB78E-F90B-4284-ADF1-1A08C54326D7}.Release|x64.Build.0 = Release|x64
		{E00AB78E-F90B-4284-ADF1-1A08C54326D7}.Release|x86.ActiveCfg = Release|Win32
		{E00AB78E-F90B-4284-ADF1-1A08C54326D7}.Release|x86.Build.0 = Release|Win32
	EndGlobalSection
	GlobalSection(SolutionProperties) = preSolution
		HideSolutionNode = FALSE
	EndGlobalSection
	GlobalSection(ExtensibilityGlobals) = postSolution
		SolutionGuid = {851B3E0D-45DF-4F16-BE63-CC6980080542}
	EndGlobalSection
EndGlobal
